# THIS IS AN AUTOGENERATED FILE. DO NOT EDIT THIS FILE DIRECTLY.
# yarn lockfile v1


"@prisma/debug@5.8.1":
  version "5.8.1"
  resolved "https://registry.yarnpkg.com/@prisma/debug/-/debug-5.8.1.tgz#704daa36919b0fc4d227260ecebfa1c94b155b07"
  integrity sha512-tjuw7eA0Us3T42jx9AmAgL58rzwzpFGYc3R7Y4Ip75EBYrKMBA1YihuWMcBC92ILmjlQ/u3p8VxcIE0hr+fZfg==

"@prisma/engines-version@5.8.1-1.78caf6feeaed953168c64e15a249c3e9a033ebe2":
  version "5.8.1-1.78caf6feeaed953168c64e15a249c3e9a033ebe2"
  resolved "https://registry.yarnpkg.com/@prisma/engines-version/-/engines-version-5.8.1-1.78caf6feeaed953168c64e15a249c3e9a033ebe2.tgz#f600a45afc4cf0c0356b6ed90add6050fa3f3239"
  integrity sha512-f5C3JM3l9yhGr3cr4FMqWloFaSCpNpMi58Om22rjD2DOz3owci2mFdFXMgnAGazFPKrCbbEhcxdsRfspEYRoFQ==

"@prisma/engines@5.8.1":
  version "5.8.1"
  resolved "https://registry.yarnpkg.com/@prisma/engines/-/engines-5.8.1.tgz#b850751f5bf7d5e570b9fe16cefdc2b1fd2c02c3"
  integrity sha512-TJgYLRrZr56uhqcXO4GmP5be+zjCIHtLDK20Cnfg+o9d905hsN065QOL+3Z0zQAy6YD31Ol4u2kzSfRmbJv/uA==
  dependencies:
    "@prisma/debug" "5.8.1"
    "@prisma/engines-version" "5.8.1-1.78caf6feeaed953168c64e15a249c3e9a033ebe2"
    "@prisma/fetch-engine" "5.8.1"
    "@prisma/get-platform" "5.8.1"

"@prisma/fetch-engine@5.8.1":
  version "5.8.1"
  resolved "https://registry.yarnpkg.com/@prisma/fetch-engine/-/fetch-engine-5.8.1.tgz#38bb92f1fbd3669340a3cc49fce403ab4df671dd"
  integrity sha512-+bgjjoSFa6uYEbAPlklfoVSStOEfcpheOjoBoNsNNSQdSzcwE2nM4Q0prun0+P8/0sCHo18JZ9xqa8gObvgOUw==
  dependencies:
    "@prisma/debug" "5.8.1"
    "@prisma/engines-version" "5.8.1-1.78caf6feeaed953168c64e15a249c3e9a033ebe2"
    "@prisma/get-platform" "5.8.1"

"@prisma/get-platform@5.8.1":
  version "5.8.1"
  resolved "https://registry.yarnpkg.com/@prisma/get-platform/-/get-platform-5.8.1.tgz#8cd450b65a52a5a6ed5b2f52457136a492c0f251"
  integrity sha512-wnA+6HTFcY+tkykMokix9GiAkaauPC5W/gg0O5JB0J8tCTNWrqpnQ7AsaGRfkYUbeOIioh6woDjQrGTTRf1Zag==
  dependencies:
    "@prisma/debug" "5.8.1"

"@types/node@>=8.1.0", "@types/node@^20.11.5":
  version "20.11.5"
  resolved "https://registry.yarnpkg.com/@types/node/-/node-20.11.5.tgz#be10c622ca7fcaa3cf226cf80166abc31389d86e"
  integrity sha512-g557vgQjUUfN76MZAN/dt1z3dzcUsimuysco0KeluHgrPdJXkP/XdAURgyO2W9fZWHRtRBiVKzKn8vyOAwlG+w==
  dependencies:
    undici-types "~5.26.4"

call-bind@^1.0.0:
  version "1.0.5"
  resolved "https://registry.yarnpkg.com/call-bind/-/call-bind-1.0.5.tgz#6fa2b7845ce0ea49bf4d8b9ef64727a2c2e2e513"
  integrity sha512-C3nQxfFZxFRVoJoGKKI8y3MOEo129NQ+FgQ08iye+Mk4zNZZGdjfs06bVTr+DBSlA66Q2VEcMki/cUCP4SercQ==
  dependencies:
    function-bind "^1.1.2"
    get-intrinsic "^1.2.1"
    set-function-length "^1.1.1"

chalk@^5.3.0:
  version "5.3.0"
  resolved "https://registry.yarnpkg.com/chalk/-/chalk-5.3.0.tgz#67c20a7ebef70e7f3970a01f90fa210cb6860385"
  integrity sha512-dLitG79d+GV1Nb/VYcCDFivJeK1hiukt9QjRNVOsUtTy1rR1YJsmpGGTZ3qJos+uw7WmWF4wUwBd9jxjocFC2w==

define-data-property@^1.1.1:
  version "1.1.1"
  resolved "https://registry.yarnpkg.com/define-data-property/-/define-data-property-1.1.1.tgz#c35f7cd0ab09883480d12ac5cb213715587800b3"
  integrity sha512-E7uGkTzkk1d0ByLeSc6ZsFS79Axg+m1P/VsgYsxHgiuc3tFSj+MjMIwe90FC4lOAZzNBdY7kkO2P2wKdsQ1vgQ==
  dependencies:
    get-intrinsic "^1.2.1"
    gopd "^1.0.1"
    has-property-descriptors "^1.0.0"

function-bind@^1.1.2:
  version "1.1.2"
  resolved "https://registry.yarnpkg.com/function-bind/-/function-bind-1.1.2.tgz#2c02d864d97f3ea6c8830c464cbd11ab6eab7a1c"
  integrity sha512-7XHNxH7qX9xG5mIwxkhumTox/MIRNcOgDrxWsMt2pAr23WHp6MrRlN7FBSFpCpr+oVO0F744iUgR82nJMfG2SA==

get-intrinsic@^1.0.2, get-intrinsic@^1.1.3, get-intrinsic@^1.2.1, get-intrinsic@^1.2.2:
  version "1.2.2"
  resolved "https://registry.yarnpkg.com/get-intrinsic/-/get-intrinsic-1.2.2.tgz#281b7622971123e1ef4b3c90fd7539306da93f3b"
  integrity sha512-0gSo4ml/0j98Y3lngkFEot/zhiCeWsbYIlZ+uZOVgzLyLaUw7wxUL+nCTP0XJvJg1AXulJRI3UJi8GsbDuxdGA==
  dependencies:
    function-bind "^1.1.2"
    has-proto "^1.0.1"
    has-symbols "^1.0.3"
    hasown "^2.0.0"

gopd@^1.0.1:
  version "1.0.1"
  resolved "https://registry.yarnpkg.com/gopd/-/gopd-1.0.1.tgz#29ff76de69dac7489b7c0918a5788e56477c332c"
  integrity sha512-d65bNlIadxvpb/A2abVdlqKqV563juRnZ1Wtk6s1sIR8uNsXR70xqIzVqxVf1eTqDunwT2MkczEeaezCKTZhwA==
  dependencies:
    get-intrinsic "^1.1.3"

has-property-descriptors@^1.0.0, has-property-descriptors@^1.0.1:
  version "1.0.1"
  resolved "https://registry.yarnpkg.com/has-property-descriptors/-/has-property-descriptors-1.0.1.tgz#52ba30b6c5ec87fd89fa574bc1c39125c6f65340"
  integrity sha512-VsX8eaIewvas0xnvinAe9bw4WfIeODpGYikiWYLH+dma0Jw6KHYqWiWfhQlgOVK8D6PvjubK5Uc4P0iIhIcNVg==
  dependencies:
    get-intrinsic "^1.2.2"

has-proto@^1.0.1:
  version "1.0.1"
  resolved "https://registry.yarnpkg.com/has-proto/-/has-proto-1.0.1.tgz#1885c1305538958aff469fef37937c22795408e0"
  integrity sha512-7qE+iP+O+bgF9clE5+UoBFzE65mlBiVj3tKCrlNQ0Ogwm0BjpT/gK4SlLYDMybDh5I3TCTKnPPa0oMG7JDYrhg==

has-symbols@^1.0.3:
  version "1.0.3"
  resolved "https://registry.yarnpkg.com/has-symbols/-/has-symbols-1.0.3.tgz#bb7b2c4349251dce87b125f7bdf874aa7c8b39f8"
  integrity sha512-l3LCuF6MgDNwTDKkdYGEihYjt5pRPbEg46rtlmnSPlUbgmB8LOIrKJbYYFBSbnPaJexMKtiPO8hmeRjRz2Td+A==

hasown@^2.0.0:
  version "2.0.0"
  resolved "https://registry.yarnpkg.com/hasown/-/hasown-2.0.0.tgz#f4c513d454a57b7c7e1650778de226b11700546c"
  integrity sha512-vUptKVTpIJhcczKBbgnS+RtcuYMB8+oNzPK2/Hp3hanz8JmpATdmmgLgSaadVREkDm+e2giHwY3ZRkyjSIDDFA==
  dependencies:
    function-bind "^1.1.2"

object-inspect@^1.9.0:
  version "1.13.1"
  resolved "https://registry.yarnpkg.com/object-inspect/-/object-inspect-1.13.1.tgz#b96c6109324ccfef6b12216a956ca4dc2ff94bc2"
  integrity sha512-5qoj1RUiKOMsCCNLV1CBiPYE10sziTsnmNxkAI/rZhiD63CF7IqdFGC/XzjWjpSgLf0LxXX3bDFIh0E18f6UhQ==

prisma@^5.8.1:
  version "5.8.1"
  resolved "https://registry.yarnpkg.com/prisma/-/prisma-5.8.1.tgz#1f101793a8831c0719dfbed5f85a96ea4888c9d3"
  integrity sha512-N6CpjzECnUHZ5beeYpDzkt2rYpEdAeqXX2dweu6BoQaeYkNZrC/WJHM+5MO/uidFHTak8QhkPKBWck1o/4MD4A==
  dependencies:
    "@prisma/engines" "5.8.1"

qs@^6.11.0:
  version "6.11.2"
  resolved "https://registry.yarnpkg.com/qs/-/qs-6.11.2.tgz#64bea51f12c1f5da1bc01496f48ffcff7c69d7d9"
  integrity sha512-tDNIz22aBzCDxLtVH++VnTfzxlfeK5CbqohpSqpJgj1Wg/cQbStNAz3NuqCs5vV+pjBsK4x4pN9HlVh7rcYRiA==
  dependencies:
    side-channel "^1.0.4"

set-function-length@^1.1.1:
  version "1.2.0"
  resolved "https://registry.yarnpkg.com/set-function-length/-/set-function-length-1.2.0.tgz#2f81dc6c16c7059bda5ab7c82c11f03a515ed8e1"
  integrity sha512-4DBHDoyHlM1IRPGYcoxexgh67y4ueR53FKV1yyxwFMY7aCqcN/38M1+SwZ/qJQ8iLv7+ck385ot4CcisOAPT9w==
  dependencies:
    define-data-property "^1.1.1"
    function-bind "^1.1.2"
    get-intrinsic "^1.2.2"
    gopd "^1.0.1"
    has-property-descriptors "^1.0.1"

side-channel@^1.0.4:
  version "1.0.4"
  resolved "https://registry.yarnpkg.com/side-channel/-/side-channel-1.0.4.tgz#efce5c8fdc104ee751b25c58d4290011fa5ea2cf"
  integrity sha512-q5XPytqFEIKHkGdiMIrY10mvLRvnQh42/+GoBlFW3b2LXLE2xxJpZFdm94we0BaoV3RwJyGqg5wS7epxTv0Zvw==
  dependencies:
    call-bind "^1.0.0"
    get-intrinsic "^1.0.2"
    object-inspect "^1.9.0"

stripe@^14.13.0:
  version "14.13.0"
  resolved "https://registry.yarnpkg.com/stripe/-/stripe-14.13.0.tgz#ee6012a3908215e2b54e640fa9efe6640b04613f"
  integrity sha512-uLOfWtBUL1amJCTpKCXWrHntFOSaO2PWb/2hsxV/OlXLr0bz5MyU8IW1pFlmZqpw6hBqAW5Fad7Ty7xRxDYrzA==
  dependencies:
    "@types/node" ">=8.1.0"
    qs "^6.11.0"

typescript@^5.3.3:
  version "5.3.3"
  resolved "https://registry.yarnpkg.com/typescript/-/typescript-5.3.3.tgz#b3ce6ba258e72e6305ba66f5c9b452aaee3ffe37"
  integrity sha512-pXWcraxM0uxAS+tN0AG/BF2TyqmHO014Z070UsJ+pFvYuRSq8KH8DmWpnbXe0pEPDHXZV3FcAbJkijJ5oNEnWw==

undici-types@~5.26.4:
  version "5.26.5"
  resolved "https://registry.yarnpkg.com/undici-types/-/undici-types-5.26.5.tgz#bcd539893d00b56e964fd2657a4866b221a65617"
  integrity sha512-JlCMO+ehdEIKqlFxk6IfVoAUVmgz7cU7zD/h9XZ0qzeosSHmUJVOzSQvvYSYWXkFXC+IfLKSIffhv0sVZup6pA==
